<?xml version="1.0" encoding="utf-8"?>
<Project ToolsVersion="4.0" xmlns="http://schemas.microsoft.com/developer/msbuild/2003">
  <ItemGroup>
    <Filter Include="Header Files">
      <UniqueIdentifier>{93995380-89BD-4b04-88EB-625FBE52EBFB}</UniqueIdentifier>
      <Extensions>h;hh;hpp;hxx;hm;inl;inc;xsd</Extensions>
    </Filter>
    <Filter Include="Source Files">
      <UniqueIdentifier>{4FC737F1-C7A5-4376-A066-2A32D752A2FF}</UniqueIdentifier>
      <Extensions>cpp;c;cc;cxx;def;odl;idl;hpj;bat;asm;asmx</Extensions>
    </Filter>
  </ItemGroup>
  <ItemGroup>
    <ClInclude Include="include\ConstantBuffer.h">
      <Filter>Header Files</Filter>
    </ClInclude>
    <ClInclude Include="include\FragmentShader.h">
      <Filter>Header Files</Filter>
    </ClInclude>
    <ClInclude Include="include\InputLayout.h">
      <Filter>Header Files</Filter>
    </ClInclude>
    <ClInclude Include="include\RenderTarget.h">
      <Filter>Header Files</Filter>
    </ClInclude>
    <ClInclude Include="include\Shader.h">
      <Filter>Header Files</Filter>
    </ClInclude>
    <ClInclude Include="include\Texture.h">
      <Filter>Header Files</Filter>
    </ClInclude>
    <ClInclude Include="include\VertexShader.h">
      <Filter>Header Files</Filter>
    </ClInclude>
    <ClInclude Include="include\Buffer.h">
      <Filter>Header Files</Filter>
    </ClInclude>
    <ClInclude Include="include\VertexBuffer.h">
      <Filter>Header Files</Filter>
    </ClInclude>
    <ClInclude Include="include\IndexBuffer.h">
      <Filter>Header Files</Filter>
    </ClInclude>
    <ClInclude Include="include\Material.h">
      <Filter>Header Files</Filter>
    </ClInclude>
    <ClInclude Include="include\Mesh.h">
      <Filter>Header Files</Filter>
    </ClInclude>
    <ClInclude Include="include\Model.h">
      <Filter>Header Files</Filter>
    </ClInclude>
    <ClInclude Include="include\StaticModel.h">
      <Filter>Header Files</Filter>
    </ClInclude>
    <ClInclude Include="include\GraphicManager.h">
      <Filter>Header Files</Filter>
    </ClInclude>
    <ClInclude Include="include\GraphicDevice.h">
      <Filter>Header Files</Filter>
    </ClInclude>
    <ClInclude Include="include\GraphicSwapChain.h">
      <Filter>Header Files</Filter>
    </ClInclude>
    <ClInclude Include="include\GraphicDeviceContext.h">
      <Filter>Header Files</Filter>
    </ClInclude>
    <ClInclude Include="include\Texture2D.h">
      <Filter>Header Files</Filter>
    </ClInclude>
    <ClInclude Include="include\GraphicDepthStencilView.h">
      <Filter>Header Files</Filter>
    </ClInclude>
    <ClInclude Include="include\GraphicSamplerState.h">
      <Filter>Header Files</Filter>
    </ClInclude>
    <ClInclude Include="include\GraphicViewport.h">
      <Filter>Header Files</Filter>
    </ClInclude>
  </ItemGroup>
  <ItemGroup>
    <ClCompile Include="source\ConstantBuffer.cpp">
      <Filter>Source Files</Filter>
    </ClCompile>
    <ClCompile Include="source\FragmentShader.cpp">
      <Filter>Source Files</Filter>
    </ClCompile>
    <ClCompile Include="source\InputLayout.cpp">
      <Filter>Source Files</Filter>
    </ClCompile>
    <ClCompile Include="source\RenderTarget.cpp">
      <Filter>Source Files</Filter>
    </ClCompile>
    <ClCompile Include="source\Shader.cpp">
      <Filter>Source Files</Filter>
    </ClCompile>
    <ClCompile Include="source\Texture.cpp">
      <Filter>Source Files</Filter>
    </ClCompile>
    <ClCompile Include="source\VertexShader.cpp">
      <Filter>Source Files</Filter>
    </ClCompile>
    <ClCompile Include="source\Buffer.cpp">
      <Filter>Source Files</Filter>
    </ClCompile>
    <ClCompile Include="source\VertexBuffer.cpp">
      <Filter>Source Files</Filter>
    </ClCompile>
    <ClCompile Include="source\IndexBuffer.cpp">
      <Filter>Source Files</Filter>
    </ClCompile>
    <ClCompile Include="source\Material.cpp">
      <Filter>Source Files</Filter>
    </ClCompile>
    <ClCompile Include="source\Mesh.cpp">
      <Filter>Source Files</Filter>
    </ClCompile>
    <ClCompile Include="source\Model.cpp">
      <Filter>Source Files</Filter>
    </ClCompile>
    <ClCompile Include="source\StaticModel.cpp">
      <Filter>Source Files</Filter>
    </ClCompile>
    <ClCompile Include="source\GraphicManager.cpp">
      <Filter>Source Files</Filter>
    </ClCompile>
    <ClCompile Include="source\GraphicDevice.cpp">
      <Filter>Source Files</Filter>
    </ClCompile>
    <ClCompile Include="source\GraphicSwapChain.cpp">
      <Filter>Source Files</Filter>
    </ClCompile>
    <ClCompile Include="source\GraphicDeviceContext.cpp">
      <Filter>Source Files</Filter>
    </ClCompile>
    <ClCompile Include="source\Texture2D.cpp">
      <Filter>Source Files</Filter>
    </ClCompile>
    <ClCompile Include="source\GraphicDepthStencilView.cpp">
      <Filter>Source Files</Filter>
    </ClCompile>
    <ClCompile Include="source\GraphicSamplerState.cpp">
      <Filter>Source Files</Filter>
    </ClCompile>
    <ClCompile Include="source\GraphicViewport.cpp">
      <Filter>Source Files</Filter>
    </ClCompile>
  </ItemGroup>
</Project>