<?xml version="1.0" encoding="utf-8"?>
<Project ToolsVersion="4.0" xmlns="http://schemas.microsoft.com/developer/msbuild/2003">
  <ItemGroup>
    <Filter Include="Source Files">
      <UniqueIdentifier>{4FC737F1-C7A5-4376-A066-2A32D752A2FF}</UniqueIdentifier>
      <Extensions>cpp;c;cc;cxx;def;odl;idl;hpj;bat;asm;asmx</Extensions>
    </Filter>
    <Filter Include="Header Files">
      <UniqueIdentifier>{93995380-89BD-4b04-88EB-625FBE52EBFB}</UniqueIdentifier>
      <Extensions>h;hh;hpp;hxx;hm;inl;inc;xsd</Extensions>
    </Filter>
  </ItemGroup>
  <ItemGroup>
    <ClInclude Include="include\omAABB.h">
      <Filter>Header Files</Filter>
    </ClInclude>
    <ClInclude Include="include\omColor.h">
      <Filter>Header Files</Filter>
    </ClInclude>
    <ClInclude Include="include\omDegrees.h">
      <Filter>Header Files</Filter>
    </ClInclude>
    <ClInclude Include="include\omFrustum.h">
      <Filter>Header Files</Filter>
    </ClInclude>
    <ClInclude Include="include\Omicron_Math.h">
      <Filter>Header Files</Filter>
    </ClInclude>
    <ClInclude Include="include\Omicron_PlatformMath.h">
      <Filter>Header Files</Filter>
    </ClInclude>
    <ClInclude Include="include\Omicron_WindowsMath.h">
      <Filter>Header Files</Filter>
    </ClInclude>
    <ClInclude Include="include\omMacros.h">
      <Filter>Header Files</Filter>
    </ClInclude>
    <ClInclude Include="include\omMatrix3D.h">
      <Filter>Header Files</Filter>
    </ClInclude>
    <ClInclude Include="include\omMatrix4D.h">
      <Filter>Header Files</Filter>
    </ClInclude>
    <ClInclude Include="include\omPlane.h">
      <Filter>Header Files</Filter>
    </ClInclude>
    <ClInclude Include="include\omQuaternion.h">
      <Filter>Header Files</Filter>
    </ClInclude>
    <ClInclude Include="include\omRadians.h">
      <Filter>Header Files</Filter>
    </ClInclude>
    <ClInclude Include="include\omRay.h">
      <Filter>Header Files</Filter>
    </ClInclude>
    <ClInclude Include="include\omSphere.h">
      <Filter>Header Files</Filter>
    </ClInclude>
    <ClInclude Include="include\omVector2D.h">
      <Filter>Header Files</Filter>
    </ClInclude>
    <ClInclude Include="include\omVector3D.h">
      <Filter>Header Files</Filter>
    </ClInclude>
    <ClInclude Include="include\omVector4D.h">
      <Filter>Header Files</Filter>
    </ClInclude>
  </ItemGroup>
  <ItemGroup>
    <ClCompile Include="source\omAABB.cpp">
      <Filter>Source Files</Filter>
    </ClCompile>
    <ClCompile Include="source\omColor.cpp">
      <Filter>Source Files</Filter>
    </ClCompile>
    <ClCompile Include="source\omDegrees.cpp">
      <Filter>Source Files</Filter>
    </ClCompile>
    <ClCompile Include="source\omFrustum.cpp">
      <Filter>Source Files</Filter>
    </ClCompile>
    <ClCompile Include="source\Omicron_PlatformMath.cpp">
      <Filter>Source Files</Filter>
    </ClCompile>
    <ClCompile Include="source\omMatrix3D.cpp">
      <Filter>Source Files</Filter>
    </ClCompile>
    <ClCompile Include="source\omMatrix4D.cpp">
      <Filter>Source Files</Filter>
    </ClCompile>
    <ClCompile Include="source\omPlane.cpp">
      <Filter>Source Files</Filter>
    </ClCompile>
    <ClCompile Include="source\omQuaternion.cpp">
      <Filter>Source Files</Filter>
    </ClCompile>
    <ClCompile Include="source\omRadians.cpp">
      <Filter>Source Files</Filter>
    </ClCompile>
    <ClCompile Include="source\omRay.cpp">
      <Filter>Source Files</Filter>
    </ClCompile>
    <ClCompile Include="source\omSphere.cpp">
      <Filter>Source Files</Filter>
    </ClCompile>
    <ClCompile Include="source\omVector2D.cpp">
      <Filter>Source Files</Filter>
    </ClCompile>
    <ClCompile Include="source\omVector3D.cpp">
      <Filter>Source Files</Filter>
    </ClCompile>
    <ClCompile Include="source\omVector4D.cpp">
      <Filter>Source Files</Filter>
    </ClCompile>
  </ItemGroup>
</Project>